
Microsoft Visual Studio Solution File, Format Version 12.00
# Visual Studio Version 17
VisualStudioVersion = 17.0.32014.148
MinimumVisualStudioVersion = 10.0.40219.1
Project("{FAE04EC0-301F-11D3-BF4B-00C04F79EFBC}") = "Kalkulator1", "Kalkulator1\Kalkulator1.csproj", "{0FBF6E0C-0C4C-4FF8-9CC2-0DC1D6504183}"
EndProject
Global
	GlobalSection(SolutionConfigurationPlatforms) = preSolution
		Debug|Any CPU = Debug|Any CPU
		Release|Any CPU = Release|Any CPU
	EndGlobalSection
	GlobalSection(ProjectConfigurationPlatforms) = postSolution
		{0FBF6E0C-0C4C-4FF8-9CC2-0DC1D6504183}.Debug|Any CPU.ActiveCfg = Debug|Any CPU
		{0FBF6E0C-0C4C-4FF8-9CC2-0DC1D6504183}.Debug|Any CPU.Build.0 = Debug|Any CPU
		{0FBF6E0C-0C4C-4FF8-9CC2-0DC1D6504183}.Release|Any CPU.ActiveCfg = Release|Any CPU
		{0FBF6E0C-0C4C-4FF8-9CC2-0DC1D6504183}.Release|Any CPU.Build.0 = Release|Any CPU
	EndGlobalSection
	GlobalSection(SolutionProperties) = preSolution
		HideSolutionNode = FALSE
	EndGlobalSection
	GlobalSection(ExtensibilityGlobals) = postSolution
		SolutionGuid = {10749152-7FB5-43AC-84E6-C7C7593E87AA}
	EndGlobalSection
EndGlobal
